
Microsoft Visual Studio Solution File, Format Version 12.00
# Visual Studio Version 16
VisualStudioVersion = 16.0.30406.217
MinimumVisualStudioVersion = 10.0.40219.1
Project("{9A19103F-16F7-4668-BE54-9A1E7A4F7556}") = "BackComentario", "BackComentario\BackComentario.csproj", "{7B607F3E-F6F8-4070-9C1F-2A00000B64D7}"
EndProject
Global
	GlobalSection(SolutionConfigurationPlatforms) = preSolution
		Debug|Any CPU = Debug|Any CPU
		Release|Any CPU = Release|Any CPU
	EndGlobalSection
	GlobalSection(ProjectConfigurationPlatforms) = postSolution
		{7B607F3E-F6F8-4070-9C1F-2A00000B64D7}.Debug|Any CPU.ActiveCfg = Debug|Any CPU
		{7B607F3E-F6F8-4070-9C1F-2A00000B64D7}.Debug|Any CPU.Build.0 = Debug|Any CPU
		{7B607F3E-F6F8-4070-9C1F-2A00000B64D7}.Release|Any CPU.ActiveCfg = Release|Any CPU
		{7B607F3E-F6F8-4070-9C1F-2A00000B64D7}.Release|Any CPU.Build.0 = Release|Any CPU
	EndGlobalSection
	GlobalSection(SolutionProperties) = preSolution
		HideSolutionNode = FALSE
	EndGlobalSection
	GlobalSection(ExtensibilityGlobals) = postSolution
		SolutionGuid = {935D340B-4B7C-4F2D-91AB-57F886503F6A}
	EndGlobalSection
EndGlobal
